[[package]]
name = "atomicwrites"
version = "1.3.0"
description = "Atomic file writes."
category = "dev"
optional = false
python-versions = ">=2.7, !=3.0.*, !=3.1.*, !=3.2.*, !=3.3.*"

[[package]]
name = "attrs"
version = "19.3.0"
description = "Classes Without Boilerplate"
category = "main"
optional = false
python-versions = ">=2.7, !=3.0.*, !=3.1.*, !=3.2.*, !=3.3.*"

[package.extras]
azure-pipelines = ["coverage", "hypothesis", "pympler", "pytest (>=4.3.0)", "six", "zope.interface", "pytest-azurepipelines"]
dev = ["coverage", "hypothesis", "pympler", "pytest (>=4.3.0)", "six", "zope.interface", "sphinx", "pre-commit"]
docs = ["sphinx", "zope.interface"]
tests = ["coverage", "hypothesis", "pympler", "pytest (>=4.3.0)", "six", "zope.interface"]

[[package]]
name = "certifi"
version = "2019.11.28"
description = "Python package for providing Mozilla's CA Bundle."
category = "main"
optional = false
python-versions = "*"

[[package]]
name = "chardet"
version = "3.0.4"
description = "Universal encoding detector for Python 2 and 3"
category = "main"
optional = false
python-versions = "*"

[[package]]
name = "click"
version = "7.0"
description = "Composable command line interface toolkit"
category = "main"
optional = false
python-versions = ">=2.7, !=3.0.*, !=3.1.*, !=3.2.*, !=3.3.*"

[[package]]
name = "colorama"
version = "0.4.3"
description = "Cross-platform colored terminal text."
category = "dev"
optional = false
python-versions = ">=2.7, !=3.0.*, !=3.1.*, !=3.2.*, !=3.3.*, !=3.4.*"

[[package]]
name = "croniter"
version = "0.3.31"
description = "croniter provides iteration for datetime object with cron like format"
category = "main"
optional = false
python-versions = ">=2.6, !=3.0.*, !=3.1.*, !=3.2.*, !=3.3.*"

[package.dependencies]
python-dateutil = "*"

[[package]]
name = "dependency-injector"
version = "3.14.12"
description = "Dependency injection microframework for Python"
category = "main"
optional = false
python-versions = "*"

[package.dependencies]
six = ">=1.7.0,<=1.12.0"

[[package]]
name = "fakeredis"
version = "1.1.0"
description = "Fake implementation of redis API for testing purposes."
category = "dev"
optional = false
python-versions = "*"

[package.dependencies]
redis = "*"
six = ">=1.12"
sortedcontainers = "*"

[package.extras]
lua = ["lupa"]

[[package]]
name = "idna"
version = "2.8"
description = "Internationalized Domain Names in Applications (IDNA)"
category = "main"
optional = false
python-versions = ">=2.7, !=3.0.*, !=3.1.*, !=3.2.*, !=3.3.*"

[[package]]
name = "importlib-metadata"
version = "1.3.0"
description = "Read metadata from Python packages"
category = "main"
optional = false
python-versions = "!=3.0.*,!=3.1.*,!=3.2.*,!=3.3.*,!=3.4.*,>=2.7"

[package.dependencies]
zipp = ">=0.5"

[package.extras]
docs = ["sphinx", "rst.linker"]
testing = ["packaging", "importlib-resources"]

[[package]]
name = "jsonschema"
version = "3.2.0"
description = "An implementation of JSON Schema validation for Python"
category = "main"
optional = false
python-versions = "*"

[package.dependencies]
attrs = ">=17.4.0"
importlib-metadata = {version = "*", markers = "python_version < \"3.8\""}
pyrsistent = ">=0.14.0"
six = ">=1.11.0"

[package.extras]
format = ["idna", "jsonpointer (>1.13)", "rfc3987", "strict-rfc3339", "webcolors"]
format_nongpl = ["idna", "jsonpointer (>1.13)", "webcolors", "rfc3986-validator (>0.1.0)", "rfc3339-validator"]

[[package]]
name = "more-itertools"
version = "8.0.2"
description = "More routines for operating on iterables, beyond itertools"
category = "main"
optional = false
python-versions = ">=3.5"

[[package]]
name = "notifiers"
version = "1.2.1"
description = "The easy way to send notifications"
category = "main"
optional = false
python-versions = ">=3.6"

[package.dependencies]
click = ">=7.0"
jsonschema = ">=3.0.0"
requests = ">=2.21.0"
rfc3987 = ">=1.3.8"

[package.extras]
dev = ["alabaster (==0.7.11)", "aspy.yaml (==1.1.1)", "atomicwrites (==1.1.5)", "attrs (==18.1.0)", "babel (==2.6.0)", "bumpversion (==0.5.3)", "certifi (==2018.4.16)", "cfgv (==2.0.0)", "chardet (==3.0.4)", "click (==6.7)", "codecov (==2.0.15)", "coverage (==4.5.1)", "docutils (==0.14)", "hypothesis (==4.32.3)", "identify (==1.1.4)", "idna (==2.7)", "imagesize (==1.0.0)", "importlib-metadata (==0.18)", "jinja2 (==2.10.1)", "markupsafe (==1.0)", "more-itertools (==4.2.0)", "nodeenv (==1.3.2)", "packaging (==17.1)", "pip-tools (==4.0.0)", "pluggy (==0.12.0)", "pre-commit (==1.18.2)", "py (==1.5.4)", "pygments (==2.2.0)", "pyparsing (==2.2.0)", "pytest-cov (==2.7.1)", "pytest (==5.0.1)", "pytz (==2018.5)", "pyyaml (==5.1)", "requests (==2.22.0)", "six (==1.11.0)", "snowballstemmer (==1.2.1)", "sphinx-autodoc-annotation (==1.0.post1)", "sphinx-rtd-theme (==0.4.3)", "sphinx (==2.2.0)", "sphinxcontrib-applehelp (==1.0.1)", "sphinxcontrib-devhelp (==1.0.1)", "sphinxcontrib-htmlhelp (==1.0.2)", "sphinxcontrib-jsmath (==1.0.1)", "sphinxcontrib-qthelp (==1.0.2)", "sphinxcontrib-serializinghtml (==1.1.3)", "toml (==0.9.4)", "urllib3 (==1.24.2)", "virtualenv (==16.0.0)", "wcwidth (==0.1.7)", "zipp (==0.5.1)"]

[[package]]
name = "packaging"
version = "20.0"
description = "Core utilities for Python packages"
category = "dev"
optional = false
python-versions = ">=2.7, !=3.0.*, !=3.1.*, !=3.2.*, !=3.3.*"

[package.dependencies]
pyparsing = ">=2.0.2"
six = "*"

[[package]]
name = "pluggy"
version = "0.13.1"
description = "plugin and hook calling mechanisms for python"
category = "dev"
optional = false
python-versions = ">=2.7, !=3.0.*, !=3.1.*, !=3.2.*, !=3.3.*"

[package.dependencies]
importlib-metadata = {version = ">=0.12", markers = "python_version < \"3.8\""}

[package.extras]
dev = ["pre-commit", "tox"]

[[package]]
name = "py"
version = "1.8.1"
description = "library with cross-python path, ini-parsing, io, code, log facilities"
category = "dev"
optional = false
python-versions = ">=2.7, !=3.0.*, !=3.1.*, !=3.2.*, !=3.3.*"

[[package]]
name = "pydantic"
version = "1.3"
description = "Data validation and settings management using python 3.6 type hinting"
category = "main"
optional = false
python-versions = ">=3.6"

[package.extras]
email = ["email-validator (>=1.0.3)"]
typing_extensions = ["typing-extensions (>=3.7.2)"]

[[package]]
name = "pyparsing"
version = "2.4.6"
description = "Python parsing module"
category = "dev"
optional = false
python-versions = ">=2.6, !=3.0.*, !=3.1.*, !=3.2.*"

[[package]]
name = "pyrsistent"
version = "0.15.6"
description = "Persistent/Functional/Immutable data structures"
category = "main"
optional = false
python-versions = "*"

[package.dependencies]
six = "*"

[[package]]
name = "pytest"
version = "5.3.2"
description = "pytest: simple powerful testing with Python"
category = "dev"
optional = false
python-versions = ">=3.5"

[package.dependencies]
atomicwrites = {version = ">=1.0", markers = "sys_platform == \"win32\""}
attrs = ">=17.4.0"
colorama = {version = "*", markers = "sys_platform == \"win32\""}
importlib-metadata = {version = ">=0.12", markers = "python_version < \"3.8\""}
more-itertools = ">=4.0.0"
packaging = "*"
pluggy = ">=0.12,<1.0"
py = ">=1.5.0"
wcwidth = "*"

[package.extras]
testing = ["argcomplete", "hypothesis (>=3.56)", "mock", "nose", "requests", "xmlschema"]

[[package]]
name = "python-dateutil"
version = "2.8.1"
description = "Extensions to the standard Python datetime module"
category = "main"
optional = false
python-versions = "!=3.0.*,!=3.1.*,!=3.2.*,>=2.7"

[package.dependencies]
six = ">=1.5"

[[package]]
name = "python-dotenv"
version = "0.10.3"
description = "Add .env support to your django/flask apps in development and deployments"
category = "main"
optional = false
python-versions = "*"

[package.extras]
cli = ["click (>=5.0)"]

[[package]]
name = "redis"
version = "3.3.11"
description = "Python client for Redis key-value store"
category = "main"
optional = false
python-versions = ">=2.7, !=3.0.*, !=3.1.*, !=3.2.*, !=3.3.*"

[package.extras]
hiredis = ["hiredis (>=0.1.3)"]

[[package]]
name = "requests"
version = "2.22.0"
description = "Python HTTP for Humans."
category = "main"
optional = false
python-versions = ">=2.7, !=3.0.*, !=3.1.*, !=3.2.*, !=3.3.*, !=3.4.*"

[package.dependencies]
certifi = ">=2017.4.17"
chardet = ">=3.0.2,<3.1.0"
idna = ">=2.5,<2.9"
urllib3 = ">=1.21.1,<1.25.0 || >1.25.0,<1.25.1 || >1.25.1,<1.26"

[package.extras]
security = ["pyOpenSSL (>=0.14)", "cryptography (>=1.3.4)", "idna (>=2.0.0)"]
socks = ["PySocks (>=1.5.6,!=1.5.7)", "win-inet-pton"]

[[package]]
name = "rfc3987"
version = "1.3.8"
description = "Parsing and validation of URIs (RFC 3986) and IRIs (RFC 3987)"
category = "main"
optional = false
python-versions = "*"

[[package]]
name = "rq"
version = "1.2.0"
description = "RQ is a simple, lightweight, library for creating background jobs, and processing them."
category = "main"
optional = false
python-versions = ">=2.7"

[package.dependencies]
click = ">=5.0"
redis = ">=3.0.0"

[[package]]
name = "rq-scheduler"
version = "0.9.1"
description = "Provides job scheduling capabilities to RQ (Redis Queue)"
category = "main"
optional = false
python-versions = "*"

[package.dependencies]
croniter = ">=0.3.9"
rq = ">=0.13"

[[package]]
name = "six"
version = "1.12.0"
description = "Python 2 and 3 compatibility utilities"
category = "main"
optional = false
python-versions = ">=2.6, !=3.0.*, !=3.1.*"

[[package]]
name = "sortedcontainers"
version = "2.1.0"
description = "Sorted Containers -- Sorted List, Sorted Dict, Sorted Set"
category = "dev"
optional = false
python-versions = "*"

[[package]]
name = "typing-extensions"
version = "3.7.4.1"
description = "Backported and Experimental Type Hints for Python 3.5+"
category = "main"
optional = false
python-versions = "*"

[[package]]
name = "urllib3"
version = "1.25.8"
description = "HTTP library with thread-safe connection pooling, file post, and more."
category = "main"
optional = false
python-versions = ">=2.7, !=3.0.*, !=3.1.*, !=3.2.*, !=3.3.*, !=3.4.*, <4"

[package.extras]
brotli = ["brotlipy (>=0.6.0)"]
secure = ["pyOpenSSL (>=0.14)", "cryptography (>=1.3.4)", "idna (>=2.0.0)", "certifi", "ipaddress"]
socks = ["PySocks (>=1.5.6,!=1.5.7,<2.0)"]

[[package]]
name = "wcwidth"
version = "0.1.8"
description = "Measures number of Terminal column cells of wide-character codes"
category = "dev"
optional = false
python-versions = "*"

[[package]]
name = "zipp"
version = "0.6.0"
description = "Backport of pathlib-compatible object wrapper for zip files"
category = "main"
optional = false
python-versions = ">=2.7"

[package.dependencies]
more-itertools = "*"

[package.extras]
docs = ["sphinx", "jaraco.packaging (>=3.2)", "rst.linker (>=1.9)"]
testing = ["pathlib2", "contextlib2", "unittest2"]

[metadata]
lock-version = "1.1"
python-versions = "^3.7"
content-hash = "842d901d48de2498e893721c2950d9ae6c066a32ae332b167c4531f93b48b99e"

[metadata.files]
atomicwrites = [
    {file = "atomicwrites-1.3.0-py2.py3-none-any.whl", hash = "sha256:03472c30eb2c5d1ba9227e4c2ca66ab8287fbfbbda3888aa93dc2e28fc6811b4"},
    {file = "atomicwrites-1.3.0.tar.gz", hash = "sha256:75a9445bac02d8d058d5e1fe689654ba5a6556a1dfd8ce6ec55a0ed79866cfa6"},
]
attrs = [
    {file = "attrs-19.3.0-py2.py3-none-any.whl", hash = "sha256:08a96c641c3a74e44eb59afb61a24f2cb9f4d7188748e76ba4bb5edfa3cb7d1c"},
    {file = "attrs-19.3.0.tar.gz", hash = "sha256:f7b7ce16570fe9965acd6d30101a28f62fb4a7f9e926b3bbc9b61f8b04247e72"},
]
certifi = [
    {file = "certifi-2019.11.28-py2.py3-none-any.whl", hash = "sha256:017c25db2a153ce562900032d5bc68e9f191e44e9a0f762f373977de9df1fbb3"},
    {file = "certifi-2019.11.28.tar.gz", hash = "sha256:25b64c7da4cd7479594d035c08c2d809eb4aab3a26e5a990ea98cc450c320f1f"},
]
chardet = [
    {file = "chardet-3.0.4-py2.py3-none-any.whl", hash = "sha256:fc323ffcaeaed0e0a02bf4d117757b98aed530d9ed4531e3e15460124c106691"},
    {file = "chardet-3.0.4.tar.gz", hash = "sha256:84ab92ed1c4d4f16916e05906b6b75a6c0fb5db821cc65e70cbd64a3e2a5eaae"},
]
click = [
    {file = "Click-7.0-py2.py3-none-any.whl", hash = "sha256:2335065e6395b9e67ca716de5f7526736bfa6ceead690adf616d925bdc622b13"},
    {file = "Click-7.0.tar.gz", hash = "sha256:5b94b49521f6456670fdb30cd82a4eca9412788a93fa6dd6df72c94d5a8ff2d7"},
]
colorama = [
    {file = "colorama-0.4.3-py2.py3-none-any.whl", hash = "sha256:7d73d2a99753107a36ac6b455ee49046802e59d9d076ef8e47b61499fa29afff"},
    {file = "colorama-0.4.3.tar.gz", hash = "sha256:e96da0d330793e2cb9485e9ddfd918d456036c7149416295932478192f4436a1"},
]
croniter = [
    {file = "croniter-0.3.31-py2.py3-none-any.whl", hash = "sha256:cfd0837246845d3f3eb463ae8790bfb7db6ac76743e8f31aacaf37830de7fb52"},
    {file = "croniter-0.3.31.tar.gz", hash = "sha256:8984b4b27ddfc4b95b2bcec17ee31f827426cf1d717c2af79eff4b4435e23197"},
]
dependency-injector = [
    {file = "dependency-injector-3.14.12.tar.gz", hash = "sha256:c0b593d30a9dcafd71459075fac14ccf52fcefa2094d5062dfc2e174c469dc03"},
]
fakeredis = [
    {file = "fakeredis-1.1.0-py2.py3-none-any.whl", hash = "sha256:1db27ec3a5c964b9fb9f36ec1b9770a81204c54e84f83c763f36689eef4a5fd4"},
    {file = "fakeredis-1.1.0.tar.gz", hash = "sha256:169598943dc10aadd62871a34b2867bb5e24f9da7ebc97a2058c3f35c760241e"},
]
idna = [
    {file = "idna-2.8-py2.py3-none-any.whl", hash = "sha256:ea8b7f6188e6fa117537c3df7da9fc686d485087abf6ac197f9c46432f7e4a3c"},
    {file = "idna-2.8.tar.gz", hash = "sha256:c357b3f628cf53ae2c4c05627ecc484553142ca23264e593d327bcde5e9c3407"},
]
importlib-metadata = [
    {file = "importlib_metadata-1.3.0-py2.py3-none-any.whl", hash = "sha256:d95141fbfa7ef2ec65cfd945e2af7e5a6ddbd7c8d9a25e66ff3be8e3daf9f60f"},
    {file = "importlib_metadata-1.3.0.tar.gz", hash = "sha256:073a852570f92da5f744a3472af1b61e28e9f78ccf0c9117658dc32b15de7b45"},
]
jsonschema = [
    {file = "jsonschema-3.2.0-py2.py3-none-any.whl", hash = "sha256:4e5b3cf8216f577bee9ce139cbe72eca3ea4f292ec60928ff24758ce626cd163"},
    {file = "jsonschema-3.2.0.tar.gz", hash = "sha256:c8a85b28d377cc7737e46e2d9f2b4f44ee3c0e1deac6bf46ddefc7187d30797a"},
]
more-itertools = [
    {file = "more-itertools-8.0.2.tar.gz", hash = "sha256:b84b238cce0d9adad5ed87e745778d20a3f8487d0f0cb8b8a586816c7496458d"},
    {file = "more_itertools-8.0.2-py3-none-any.whl", hash = "sha256:c833ef592a0324bcc6a60e48440da07645063c453880c9477ceb22490aec1564"},
]
notifiers = [
    {file = "notifiers-1.2.1-py3-none-any.whl", hash = "sha256:171ae79215fcf119e34992ad7e1f95f0709f93997203b3fc6f115b5cedd780a6"},
    {file = "notifiers-1.2.1.tar.gz", hash = "sha256:34625af405f4aa19293eaaefe145ccc92c6018ae9798f53a03a7fcc996e541aa"},
]
packaging = [
    {file = "packaging-20.0-py2.py3-none-any.whl", hash = "sha256:aec3fdbb8bc9e4bb65f0634b9f551ced63983a529d6a8931817d52fdd0816ddb"},
    {file = "packaging-20.0.tar.gz", hash = "sha256:fe1d8331dfa7cc0a883b49d75fc76380b2ab2734b220fbb87d774e4fd4b851f8"},
]
pluggy = [
    {file = "pluggy-0.13.1-py2.py3-none-any.whl", hash = "sha256:966c145cd83c96502c3c3868f50408687b38434af77734af1e9ca461a4081d2d"},
    {file = "pluggy-0.13.1.tar.gz", hash = "sha256:15b2acde666561e1298d71b523007ed7364de07029219b604cf808bfa1c765b0"},
]
py = [
    {file = "py-1.8.1-py2.py3-none-any.whl", hash = "sha256:c20fdd83a5dbc0af9efd622bee9a5564e278f6380fffcacc43ba6f43db2813b0"},
    {file = "py-1.8.1.tar.gz", hash = "sha256:5e27081401262157467ad6e7f851b7aa402c5852dbcb3dae06768434de5752aa"},
]
pydantic = [
    {file = "pydantic-1.3-cp36-cp36m-manylinux1_i686.whl", hash = "sha256:dd9359db7644317898816f6142f378aa48848dcc5cf14a481236235fde11a148"},
    {file = "pydantic-1.3-cp36-cp36m-manylinux1_x86_64.whl", hash = "sha256:cbe284bd5ad67333d49ecc0dc27fa52c25b4c2fe72802a5c060b5f922db58bef"},
    {file = "pydantic-1.3-cp36-cp36m-manylinux2010_i686.whl", hash = "sha256:2b32a5f14558c36e39aeefda0c550bfc0f47fc32b4ce16d80dc4df2b33838ed8"},
    {file = "pydantic-1.3-cp36-cp36m-manylinux2010_x86_64.whl", hash = "sha256:59235324dd7dc5363a654cd14271ea8631f1a43de5d4fc29c782318fcc498002"},
    {file = "pydantic-1.3-cp37-cp37m-manylinux1_i686.whl", hash = "sha256:176885123dfdd8f7ab6e7ba1b66d4197de75ba830bb44d921af88b3d977b8aa5"},
    {file = "pydantic-1.3-cp37-cp37m-manylinux1_x86_64.whl", hash = "sha256:d4bb6a75abc2f04f6993124f1ed4221724c9dc3bd9df5cb54132e0b68775d375"},
    {file = "pydantic-1.3-cp37-cp37m-manylinux2010_i686.whl", hash = "sha256:8a8e089aec18c26561e09ee6daf15a3cc06df05bdc67de60a8684535ef54562f"},
    {file = "pydantic-1.3-cp37-cp37m-manylinux2010_x86_64.whl", hash = "sha256:479ca8dc7cc41418751bf10302ee0a1b1f8eedb2de6c4f4c0f3cf8372b204f9a"},
    {file = "pydantic-1.3-cp38-cp38-manylinux1_i686.whl", hash = "sha256:87673d1de790c8d5282153cab0b09271be77c49aabcedf3ac5ab1a1fd4dcbac0"},
    {file = "pydantic-1.3-cp38-cp38-manylinux1_x86_64.whl", hash = "sha256:dacb79144bb3fdb57cf9435e1bd16c35586bc44256215cfaa33bf21565d926ae"},
    {file = "pydantic-1.3-cp38-cp38-manylinux2010_i686.whl", hash = "sha256:c0da48978382c83f9488c6bbe4350e065ea5c83e85ca5cfb8fa14ac11de3c296"},
    {file = "pydantic-1.3-cp38-cp38-manylinux2010_x86_64.whl", hash = "sha256:b60f2b3b0e0dd74f1800a57d1bbd597839d16faf267e45fa4a5407b15d311085"},
    {file = "pydantic-1.3-py36.py37.py38-none-any.whl", hash = "sha256:d03df07b7611004140b0fef91548878c2b5f48c520a8cb76d11d20e9887a495e"},
    {file = "pydantic-1.3.tar.gz", hash = "sha256:2eab7d548b0e530bf65bee7855ad8164c2f6a889975d5e9c4eefd1e7c98245dc"},
]
pyparsing = [
    {file = "pyparsing-2.4.6-py2.py3-none-any.whl", hash = "sha256:c342dccb5250c08d45fd6f8b4a559613ca603b57498511740e65cd11a2e7dcec"},
    {file = "pyparsing-2.4.6.tar.gz", hash = "sha256:4c830582a84fb022400b85429791bc551f1f4871c33f23e44f353119e92f969f"},
]
pyrsistent = [
    {file = "pyrsistent-0.15.6.tar.gz", hash = "sha256:f3b280d030afb652f79d67c5586157c5c1355c9a58dfc7940566e28d28f3df1b"},
]
pytest = [
    {file = "pytest-5.3.2-py3-none-any.whl", hash = "sha256:e41d489ff43948babd0fad7ad5e49b8735d5d55e26628a58673c39ff61d95de4"},
    {file = "pytest-5.3.2.tar.gz", hash = "sha256:6b571215b5a790f9b41f19f3531c53a45cf6bb8ef2988bc1ff9afb38270b25fa"},
]
python-dateutil = [
    {file = "python-dateutil-2.8.1.tar.gz", hash = "sha256:73ebfe9dbf22e832286dafa60473e4cd239f8592f699aa5adaf10050e6e1823c"},
    {file = "python_dateutil-2.8.1-py2.py3-none-any.whl", hash = "sha256:75bb3f31ea686f1197762692a9ee6a7550b59fc6ca3a1f4b5d7e32fb98e2da2a"},
]
python-dotenv = [
    {file = "python-dotenv-0.10.3.tar.gz", hash = "sha256:f157d71d5fec9d4bd5f51c82746b6344dffa680ee85217c123f4a0c8117c4544"},
    {file = "python_dotenv-0.10.3-py2.py3-none-any.whl", hash = "sha256:debd928b49dbc2bf68040566f55cdb3252458036464806f4094487244e2a4093"},
]
redis = [
    {file = "redis-3.3.11-py2.py3-none-any.whl", hash = "sha256:3613daad9ce5951e426f460deddd5caf469e08a3af633e9578fc77d362becf62"},
    {file = "redis-3.3.11.tar.gz", hash = "sha256:8d0fc278d3f5e1249967cba2eb4a5632d19e45ce5c09442b8422d15ee2c22cc2"},
]
requests = [
    {file = "requests-2.22.0-py2.py3-none-any.whl", hash = "sha256:9cf5292fcd0f598c671cfc1e0d7d1a7f13bb8085e9a590f48c010551dc6c4b31"},
    {file = "requests-2.22.0.tar.gz", hash = "sha256:11e007a8a2aa0323f5a921e9e6a2d7e4e67d9877e85773fba9ba6419025cbeb4"},
]
rfc3987 = [
    {file = "rfc3987-1.3.8-py2.py3-none-any.whl", hash = "sha256:10702b1e51e5658843460b189b185c0366d2cf4cff716f13111b0ea9fd2dce53"},
    {file = "rfc3987-1.3.8.tar.gz", hash = "sha256:d3c4d257a560d544e9826b38bc81db676890c79ab9d7ac92b39c7a253d5ca733"},
]
rq = [
    {file = "rq-1.2.0-py2.py3-none-any.whl", hash = "sha256:b5e10c41a7259ba069933c5bfc668176b42a2b9c4a9102b54aebb6b516964a21"},
    {file = "rq-1.2.0.tar.gz", hash = "sha256:15c7020297e37132891e43ca37a0340d80ade7b34e9f34806c27f1c07e71a17f"},
]
rq-scheduler = [
    {file = "rq-scheduler-0.9.1.tar.gz", hash = "sha256:06038a42d33d653f89d534ba3bb95694b9d82b39fdd17c6ac6d9bf77d1acdefb"},
    {file = "rq_scheduler-0.9.1-py2.py3-none-any.whl", hash = "sha256:9f9f68d0a4749c83f023d903e148b81da2191229e25ac644a9ff9d6eac31bff4"},
]
six = [
    {file = "six-1.12.0-py2.py3-none-any.whl", hash = "sha256:3350809f0555b11f552448330d0b52d5f24c91a322ea4a15ef22629740f3761c"},
    {file = "six-1.12.0.tar.gz", hash = "sha256:d16a0141ec1a18405cd4ce8b4613101da75da0e9a7aec5bdd4fa804d0e0eba73"},
]
sortedcontainers = [
    {file = "sortedcontainers-2.1.0-py2.py3-none-any.whl", hash = "sha256:d9e96492dd51fae31e60837736b38fe42a187b5404c16606ff7ee7cd582d4c60"},
    {file = "sortedcontainers-2.1.0.tar.gz", hash = "sha256:974e9a32f56b17c1bac2aebd9dcf197f3eb9cd30553c5852a3187ad162e1a03a"},
]
typing-extensions = [
    {file = "typing_extensions-3.7.4.1-py2-none-any.whl", hash = "sha256:910f4656f54de5993ad9304959ce9bb903f90aadc7c67a0bef07e678014e892d"},
    {file = "typing_extensions-3.7.4.1-py3-none-any.whl", hash = "sha256:cf8b63fedea4d89bab840ecbb93e75578af28f76f66c35889bd7065f5af88575"},
    {file = "typing_extensions-3.7.4.1.tar.gz", hash = "sha256:091ecc894d5e908ac75209f10d5b4f118fbdb2eb1ede6a63544054bb1edb41f2"},
]
urllib3 = [
    {file = "urllib3-1.25.8-py2.py3-none-any.whl", hash = "sha256:2f3db8b19923a873b3e5256dc9c2dedfa883e33d87c690d9c7913e1f40673cdc"},
    {file = "urllib3-1.25.8.tar.gz", hash = "sha256:87716c2d2a7121198ebcb7ce7cccf6ce5e9ba539041cfbaeecfb641dc0bf6acc"},
]
wcwidth = [
    {file = "wcwidth-0.1.8-py2.py3-none-any.whl", hash = "sha256:8fd29383f539be45b20bd4df0dc29c20ba48654a41e661925e612311e9f3c603"},
    {file = "wcwidth-0.1.8.tar.gz", hash = "sha256:f28b3e8a6483e5d49e7f8949ac1a78314e740333ae305b4ba5defd3e74fb37a8"},
]
zipp = [
    {file = "zipp-0.6.0-py2.py3-none-any.whl", hash = "sha256:f06903e9f1f43b12d371004b4ac7b06ab39a44adc747266928ae6debfa7b3335"},
    {file = "zipp-0.6.0.tar.gz", hash = "sha256:3718b1cbcd963c7d4c5511a8240812904164b7f381b647143a89d3b98f9bcd8e"},
]
